// !$*UTF8*$!
{
	archiveVersion = 1;
	classes = {
	};
	objectVersion = 46;
	objects = {

/* Begin PBXBuildFile section */
		22958087C107A764F2D850F4 /* Pods_Conversa.framework in Frameworks */ = {isa = PBXBuildFile; fileRef = C1EB0991693E08B742146D18 /* Pods_Conversa.framework */; };
		A52906851D6FE7080018D74C /* AboutViewController.m in Sources */ = {isa = PBXBuildFile; fileRef = A52905F81D6FE7080018D74C /* AboutViewController.m */; };
		A52906861D6FE7080018D74C /* Account.m in Sources */ = {isa = PBXBuildFile; fileRef = A52905FA1D6FE7080018D74C /* Account.m */; };
		A52906871D6FE7080018D74C /* AccountSettingsViewController.m in Sources */ = {isa = PBXBuildFile; fileRef = A52905FC1D6FE7080018D74C /* AccountSettingsViewController.m */; };
		A52906881D6FE7080018D74C /* Audio.m in Sources */ = {isa = PBXBuildFile; fileRef = A52905FE1D6FE7080018D74C /* Audio.m */; };
		A52906891D6FE7080018D74C /* AudioMediaItem.m in Sources */ = {isa = PBXBuildFile; fileRef = A52906001D6FE7080018D74C /* AudioMediaItem.m */; };
		A529068B1D6FE7080018D74C /* BlockViewController.m in Sources */ = {isa = PBXBuildFile; fileRef = A52906041D6FE7080018D74C /* BlockViewController.m */; };
		A529068C1D6FE7080018D74C /* Business.m in Sources */ = {isa = PBXBuildFile; fileRef = A52906061D6FE7080018D74C /* Business.m */; };
		A529068D1D6FE7080018D74C /* BusinessCategory.m in Sources */ = {isa = PBXBuildFile; fileRef = A52906081D6FE7080018D74C /* BusinessCategory.m */; };
		A529068E1D6FE7080018D74C /* Camera.m in Sources */ = {isa = PBXBuildFile; fileRef = A529060A1D6FE7080018D74C /* Camera.m */; };
		A52906901D6FE7080018D74C /* CategoriesViewController.m in Sources */ = {isa = PBXBuildFile; fileRef = A529060E1D6FE7080018D74C /* CategoriesViewController.m */; };
		A52906911D6FE7080018D74C /* CategoryViewController.m in Sources */ = {isa = PBXBuildFile; fileRef = A52906101D6FE7080018D74C /* CategoryViewController.m */; };
		A52906921D6FE7080018D74C /* ChatSettingsViewController.m in Sources */ = {isa = PBXBuildFile; fileRef = A52906121D6FE7080018D74C /* ChatSettingsViewController.m */; };
		A52906931D6FE7080018D74C /* ChatsViewController.m in Sources */ = {isa = PBXBuildFile; fileRef = A52906141D6FE7080018D74C /* ChatsViewController.m */; };
		A52906941D6FE7080018D74C /* Colors.m in Sources */ = {isa = PBXBuildFile; fileRef = A52906161D6FE7080018D74C /* Colors.m */; };
		A52906951D6FE7080018D74C /* Constants.m in Sources */ = {isa = PBXBuildFile; fileRef = A52906181D6FE7080018D74C /* Constants.m */; };
		A52906961D6FE7080018D74C /* ContentViewController.swift in Sources */ = {isa = PBXBuildFile; fileRef = A52906191D6FE7080018D74C /* ContentViewController.swift */; };
		A52906971D6FE7080018D74C /* ConversationViewController.m in Sources */ = {isa = PBXBuildFile; fileRef = A529061C1D6FE7080018D74C /* ConversationViewController.m */; };
		A52906981D6FE7080018D74C /* CustomBlockCell.m in Sources */ = {isa = PBXBuildFile; fileRef = A529061E1D6FE7080018D74C /* CustomBlockCell.m */; };
		A52906991D6FE7080018D74C /* CustomCategoryCell.m in Sources */ = {isa = PBXBuildFile; fileRef = A52906201D6FE7080018D74C /* CustomCategoryCell.m */; };
		A529069B1D6FE7080018D74C /* CustomChatCell.m in Sources */ = {isa = PBXBuildFile; fileRef = A52906241D6FE7080018D74C /* CustomChatCell.m */; };
		A529069C1D6FE7080018D74C /* Customer.m in Sources */ = {isa = PBXBuildFile; fileRef = A52906261D6FE7080018D74C /* Customer.m */; };
		A52906A21D6FE7080018D74C /* CustomSearchCell.m in Sources */ = {isa = PBXBuildFile; fileRef = A52906321D6FE7080018D74C /* CustomSearchCell.m */; };
		A52906A41D6FE7080018D74C /* CustomAblyRealtime.m in Sources */ = {isa = PBXBuildFile; fileRef = A52906351D6FE7080018D74C /* CustomAblyRealtime.m */; };
		A52906A51D6FE7080018D74C /* DatabaseManager.m in Sources */ = {isa = PBXBuildFile; fileRef = A52906371D6FE7080018D74C /* DatabaseManager.m */; };
		A52906A61D6FE7080018D74C /* DatabaseView.m in Sources */ = {isa = PBXBuildFile; fileRef = A52906391D6FE7080018D74C /* DatabaseView.m */; };
		A52906A71D6FE7080018D74C /* DOFavoriteButton.swift in Sources */ = {isa = PBXBuildFile; fileRef = A529063A1D6FE7080018D74C /* DOFavoriteButton.swift */; };
		A52906A81D6FE7080018D74C /* Image.m in Sources */ = {isa = PBXBuildFile; fileRef = A529063C1D6FE7080018D74C /* Image.m */; };
		A52906A91D6FE7080018D74C /* Incoming.m in Sources */ = {isa = PBXBuildFile; fileRef = A529063E1D6FE7080018D74C /* Incoming.m */; };
		A52906AA1D6FE7080018D74C /* LoginHandler.m in Sources */ = {isa = PBXBuildFile; fileRef = A52906411D6FE7080018D74C /* LoginHandler.m */; };
		A52906AB1D6FE7080018D74C /* LoginViewController.m in Sources */ = {isa = PBXBuildFile; fileRef = A52906431D6FE7080018D74C /* LoginViewController.m */; };
		A52906AD1D6FE7080018D74C /* MapView.m in Sources */ = {isa = PBXBuildFile; fileRef = A52906461D6FE7080018D74C /* MapView.m */; };
		A52906AE1D6FE7080018D74C /* MapView.xib in Resources */ = {isa = PBXBuildFile; fileRef = A52906471D6FE7080018D74C /* MapView.xib */; };
		A52906AF1D6FE7080018D74C /* Message.m in Sources */ = {isa = PBXBuildFile; fileRef = A52906491D6FE7080018D74C /* Message.m */; };
		A52906B01D6FE7080018D74C /* Reachability.m in Sources */ = {isa = PBXBuildFile; fileRef = A529064B1D6FE7080018D74C /* Reachability.m */; };
		A52906B11D6FE7080018D74C /* NotificationPermissions.m in Sources */ = {isa = PBXBuildFile; fileRef = A529064D1D6FE7080018D74C /* NotificationPermissions.m */; };
		A52906B21D6FE7080018D74C /* NotificationsViewController.m in Sources */ = {isa = PBXBuildFile; fileRef = A529064F1D6FE7080018D74C /* NotificationsViewController.m */; };
		A52906B31D6FE7080018D74C /* NSFileManager+Conversa.m in Sources */ = {isa = PBXBuildFile; fileRef = A52906511D6FE7080018D74C /* NSFileManager+Conversa.m */; };
		A52906B41D6FE7080018D74C /* NSNumber+Conversa.m in Sources */ = {isa = PBXBuildFile; fileRef = A52906531D6FE7080018D74C /* NSNumber+Conversa.m */; };
		A52906B61D6FE7080018D74C /* PhotoMediaItem.m in Sources */ = {isa = PBXBuildFile; fileRef = A52906571D6FE7080018D74C /* PhotoMediaItem.m */; };
		A52906B71D6FE7080018D74C /* PopularSearch.m in Sources */ = {isa = PBXBuildFile; fileRef = A52906591D6FE7080018D74C /* PopularSearch.m */; };
		A52906BE1D6FE7080018D74C /* RecoverViewController.m in Sources */ = {isa = PBXBuildFile; fileRef = A52906651D6FE7080018D74C /* RecoverViewController.m */; };
		A52906BF1D6FE7080018D74C /* RegisterViewController.m in Sources */ = {isa = PBXBuildFile; fileRef = A52906671D6FE7080018D74C /* RegisterViewController.m */; };
		A52906C01D6FE7080018D74C /* SearchViewController.m in Sources */ = {isa = PBXBuildFile; fileRef = A52906691D6FE7080018D74C /* SearchViewController.m */; };
		A52906C11D6FE7080018D74C /* SettingsKeys.m in Sources */ = {isa = PBXBuildFile; fileRef = A529066B1D6FE7080018D74C /* SettingsKeys.m */; };
		A52906C21D6FE7080018D74C /* SettingsViewController.m in Sources */ = {isa = PBXBuildFile; fileRef = A529066D1D6FE7080018D74C /* SettingsViewController.m */; };
		A52906C61D6FE7080018D74C /* TutorialViewController.swift in Sources */ = {isa = PBXBuildFile; fileRef = A52906731D6FE7080018D74C /* TutorialViewController.swift */; };
		A52906C71D6FE7080018D74C /* Utilities.m in Sources */ = {isa = PBXBuildFile; fileRef = A52906751D6FE7080018D74C /* Utilities.m */; };
		A52906C81D6FE7080018D74C /* Video.m in Sources */ = {isa = PBXBuildFile; fileRef = A52906771D6FE7080018D74C /* Video.m */; };
		A52906C91D6FE7080018D74C /* VideoMediaItem.m in Sources */ = {isa = PBXBuildFile; fileRef = A52906791D6FE7080018D74C /* VideoMediaItem.m */; };
		A52906CA1D6FE7080018D74C /* WhisperBridge.swift in Sources */ = {isa = PBXBuildFile; fileRef = A529067A1D6FE7080018D74C /* WhisperBridge.swift */; };
		A52906CB1D6FE7080018D74C /* YapAccount.m in Sources */ = {isa = PBXBuildFile; fileRef = A529067C1D6FE7080018D74C /* YapAccount.m */; };
		A52906CC1D6FE7080018D74C /* YapContact.m in Sources */ = {isa = PBXBuildFile; fileRef = A529067E1D6FE7080018D74C /* YapContact.m */; };
		A52906CD1D6FE7080018D74C /* YapDatabaseObject.m in Sources */ = {isa = PBXBuildFile; fileRef = A52906801D6FE7080018D74C /* YapDatabaseObject.m */; };
		A52906CE1D6FE7080018D74C /* YapMessage.m in Sources */ = {isa = PBXBuildFile; fileRef = A52906821D6FE7080018D74C /* YapMessage.m */; };
		A52906CF1D6FE7080018D74C /* YapSearch.m in Sources */ = {isa = PBXBuildFile; fileRef = A52906841D6FE7080018D74C /* YapSearch.m */; };
		A53962941D70B83900D557FE /* OneSignalController.m in Sources */ = {isa = PBXBuildFile; fileRef = A53962911D70B83900D557FE /* OneSignalController.m */; };
		A53962951D70B83900D557FE /* OneSignalService.m in Sources */ = {isa = PBXBuildFile; fileRef = A53962921D70B83900D557FE /* OneSignalService.m */; };
		A55B5D181D53C8F300AA576A /* main.m in Sources */ = {isa = PBXBuildFile; fileRef = A55B5D171D53C8F300AA576A /* main.m */; };
		A55B5D1B1D53C8F300AA576A /* AppDelegate.m in Sources */ = {isa = PBXBuildFile; fileRef = A55B5D1A1D53C8F300AA576A /* AppDelegate.m */; };
		A55B5D241D53C8F300AA576A /* Main.storyboard in Resources */ = {isa = PBXBuildFile; fileRef = A55B5D221D53C8F300AA576A /* Main.storyboard */; };
		A55B5D261D53C8F300AA576A /* Assets.xcassets in Resources */ = {isa = PBXBuildFile; fileRef = A55B5D251D53C8F300AA576A /* Assets.xcassets */; };
		A55B5D291D53C8F300AA576A /* LaunchScreen.storyboard in Resources */ = {isa = PBXBuildFile; fileRef = A55B5D271D53C8F300AA576A /* LaunchScreen.storyboard */; };
		A56C26EC1DED000D00EA700B /* ProfileDialogViewController.m in Sources */ = {isa = PBXBuildFile; fileRef = A56C26EB1DED000D00EA700B /* ProfileDialogViewController.m */; };
		A59F4CE11DD786FA005491B2 /* ParseValidation.m in Sources */ = {isa = PBXBuildFile; fileRef = A59F4CE01DD786FA005491B2 /* ParseValidation.m */; };
		A59F4CE41DD78AE2005491B2 /* CustomCategoryHeaderCell.m in Sources */ = {isa = PBXBuildFile; fileRef = A59F4CE31DD78AE2005491B2 /* CustomCategoryHeaderCell.m */; };
		A59F4CE81DD7AB7D005491B2 /* nHeaderTitle.m in Sources */ = {isa = PBXBuildFile; fileRef = A59F4CE71DD7AB7D005491B2 /* nHeaderTitle.m */; };
		A59F4CEB1DD7B144005491B2 /* nCategory.m in Sources */ = {isa = PBXBuildFile; fileRef = A59F4CEA1DD7B144005491B2 /* nCategory.m */; };
		A59F4CEE1DD7B937005491B2 /* bCategory.m in Sources */ = {isa = PBXBuildFile; fileRef = A59F4CED1DD7B937005491B2 /* bCategory.m */; };
		A5B614201DEFEC6300C7A4C1 /* AppJobs.m in Sources */ = {isa = PBXBuildFile; fileRef = A5B6141F1DEFEC6300C7A4C1 /* AppJobs.m */; };
		A5BA423F1DFBBE2000B59A86 /* HomeViewController.m in Sources */ = {isa = PBXBuildFile; fileRef = A5BA423E1DFBBE2000B59A86 /* HomeViewController.m */; };
		A5D10A491DF2437000DB9EDF /* CustomBusinessCell.m in Sources */ = {isa = PBXBuildFile; fileRef = A5D10A481DF2437000DB9EDF /* CustomBusinessCell.m */; };
		A5F8BC0E1DD59D40008BD50B /* Localizable.strings in Resources */ = {isa = PBXBuildFile; fileRef = A5F8BC101DD59D40008BD50B /* Localizable.strings */; };
		A5FEBDDA1DF5D2C6002B8836 /* InfoPlist.strings in Resources */ = {isa = PBXBuildFile; fileRef = A5FEBDDC1DF5D2C6002B8836 /* InfoPlist.strings */; };
/* End PBXBuildFile section */

/* Begin PBXFileReference section */
		889B71B8015672A28D2B9B53 /* Pods-Conversa.release.xcconfig */ = {isa = PBXFileReference; includeInIndex = 1; lastKnownFileType = text.xcconfig; name = "Pods-Conversa.release.xcconfig"; path = "Pods/Target Support Files/Pods-Conversa/Pods-Conversa.release.xcconfig"; sourceTree = "<group>"; };
		A51441B01DE6268E00DD4373 /* es */ = {isa = PBXFileReference; lastKnownFileType = text.plist.strings; name = es; path = es.lproj/Main.strings; sourceTree = "<group>"; };
		A51441B11DE6268E00DD4373 /* es */ = {isa = PBXFileReference; lastKnownFileType = text.plist.strings; name = es; path = es.lproj/LaunchScreen.strings; sourceTree = "<group>"; };
		A51441B21DE6268E00DD4373 /* es */ = {isa = PBXFileReference; lastKnownFileType = text.plist.strings; name = es; path = es.lproj/Localizable.strings; sourceTree = "<group>"; };
		A52905F71D6FE7080018D74C /* AboutViewController.h */ = {isa = PBXFileReference; fileEncoding = 4; lastKnownFileType = sourcecode.c.h; path = AboutViewController.h; sourceTree = "<group>"; };
		A52905F81D6FE7080018D74C /* AboutViewController.m */ = {isa = PBXFileReference; fileEncoding = 4; lastKnownFileType = sourcecode.c.objc; path = AboutViewController.m; sourceTree = "<group>"; };
		A52905F91D6FE7080018D74C /* Account.h */ = {isa = PBXFileReference; fileEncoding = 4; lastKnownFileType = sourcecode.c.h; path = Account.h; sourceTree = "<group>"; };
		A52905FA1D6FE7080018D74C /* Account.m */ = {isa = PBXFileReference; fileEncoding = 4; lastKnownFileType = sourcecode.c.objc; path = Account.m; sourceTree = "<group>"; };
		A52905FB1D6FE7080018D74C /* AccountSettingsViewController.h */ = {isa = PBXFileReference; fileEncoding = 4; lastKnownFileType = sourcecode.c.h; path = AccountSettingsViewController.h; sourceTree = "<group>"; };
		A52905FC1D6FE7080018D74C /* AccountSettingsViewController.m */ = {isa = PBXFileReference; fileEncoding = 4; lastKnownFileType = sourcecode.c.objc; path = AccountSettingsViewController.m; sourceTree = "<group>"; };
		A52905FD1D6FE7080018D74C /* Audio.h */ = {isa = PBXFileReference; fileEncoding = 4; lastKnownFileType = sourcecode.c.h; path = Audio.h; sourceTree = "<group>"; };
		A52905FE1D6FE7080018D74C /* Audio.m */ = {isa = PBXFileReference; fileEncoding = 4; lastKnownFileType = sourcecode.c.objc; path = Audio.m; sourceTree = "<group>"; };
		A52905FF1D6FE7080018D74C /* AudioMediaItem.h */ = {isa = PBXFileReference; fileEncoding = 4; lastKnownFileType = sourcecode.c.h; path = AudioMediaItem.h; sourceTree = "<group>"; };
		A52906001D6FE7080018D74C /* AudioMediaItem.m */ = {isa = PBXFileReference; fileEncoding = 4; lastKnownFileType = sourcecode.c.objc; path = AudioMediaItem.m; sourceTree = "<group>"; };
		A52906031D6FE7080018D74C /* BlockViewController.h */ = {isa = PBXFileReference; fileEncoding = 4; lastKnownFileType = sourcecode.c.h; path = BlockViewController.h; sourceTree = "<group>"; };
		A52906041D6FE7080018D74C /* BlockViewController.m */ = {isa = PBXFileReference; fileEncoding = 4; lastKnownFileType = sourcecode.c.objc; path = BlockViewController.m; sourceTree = "<group>"; };
		A52906051D6FE7080018D74C /* Business.h */ = {isa = PBXFileReference; fileEncoding = 4; lastKnownFileType = sourcecode.c.h; path = Business.h; sourceTree = "<group>"; };
		A52906061D6FE7080018D74C /* Business.m */ = {isa = PBXFileReference; fileEncoding = 4; lastKnownFileType = sourcecode.c.objc; path = Business.m; sourceTree = "<group>"; };
		A52906071D6FE7080018D74C /* BusinessCategory.h */ = {isa = PBXFileReference; fileEncoding = 4; lastKnownFileType = sourcecode.c.h; path = BusinessCategory.h; sourceTree = "<group>"; };
		A52906081D6FE7080018D74C /* BusinessCategory.m */ = {isa = PBXFileReference; fileEncoding = 4; lastKnownFileType = sourcecode.c.objc; path = BusinessCategory.m; sourceTree = "<group>"; };
		A52906091D6FE7080018D74C /* Camera.h */ = {isa = PBXFileReference; fileEncoding = 4; lastKnownFileType = sourcecode.c.h; path = Camera.h; sourceTree = "<group>"; };
		A529060A1D6FE7080018D74C /* Camera.m */ = {isa = PBXFileReference; fileEncoding = 4; lastKnownFileType = sourcecode.c.objc; path = Camera.m; sourceTree = "<group>"; };
		A529060D1D6FE7080018D74C /* CategoriesViewController.h */ = {isa = PBXFileReference; fileEncoding = 4; lastKnownFileType = sourcecode.c.h; path = CategoriesViewController.h; sourceTree = "<group>"; };
		A529060E1D6FE7080018D74C /* CategoriesViewController.m */ = {isa = PBXFileReference; fileEncoding = 4; lastKnownFileType = sourcecode.c.objc; path = CategoriesViewController.m; sourceTree = "<group>"; };
		A529060F1D6FE7080018D74C /* CategoryViewController.h */ = {isa = PBXFileReference; fileEncoding = 4; lastKnownFileType = sourcecode.c.h; path = CategoryViewController.h; sourceTree = "<group>"; };
		A52906101D6FE7080018D74C /* CategoryViewController.m */ = {isa = PBXFileReference; fileEncoding = 4; lastKnownFileType = sourcecode.c.objc; path = CategoryViewController.m; sourceTree = "<group>"; };
		A52906111D6FE7080018D74C /* ChatSettingsViewController.h */ = {isa = PBXFileReference; fileEncoding = 4; lastKnownFileType = sourcecode.c.h; path = ChatSettingsViewController.h; sourceTree = "<group>"; };
		A52906121D6FE7080018D74C /* ChatSettingsViewController.m */ = {isa = PBXFileReference; fileEncoding = 4; lastKnownFileType = sourcecode.c.objc; path = ChatSettingsViewController.m; sourceTree = "<group>"; };
		A52906131D6FE7080018D74C /* ChatsViewController.h */ = {isa = PBXFileReference; fileEncoding = 4; lastKnownFileType = sourcecode.c.h; path = ChatsViewController.h; sourceTree = "<group>"; };
		A52906141D6FE7080018D74C /* ChatsViewController.m */ = {isa = PBXFileReference; fileEncoding = 4; lastKnownFileType = sourcecode.c.objc; path = ChatsViewController.m; sourceTree = "<group>"; };
		A52906151D6FE7080018D74C /* Colors.h */ = {isa = PBXFileReference; fileEncoding = 4; lastKnownFileType = sourcecode.c.h; path = Colors.h; sourceTree = "<group>"; };
		A52906161D6FE7080018D74C /* Colors.m */ = {isa = PBXFileReference; fileEncoding = 4; lastKnownFileType = sourcecode.c.objc; path = Colors.m; sourceTree = "<group>"; };
		A52906171D6FE7080018D74C /* Constants.h */ = {isa = PBXFileReference; fileEncoding = 4; lastKnownFileType = sourcecode.c.h; path = Constants.h; sourceTree = "<group>"; };
		A52906181D6FE7080018D74C /* Constants.m */ = {isa = PBXFileReference; fileEncoding = 4; lastKnownFileType = sourcecode.c.objc; path = Constants.m; sourceTree = "<group>"; };
		A52906191D6FE7080018D74C /* ContentViewController.swift */ = {isa = PBXFileReference; fileEncoding = 4; lastKnownFileType = sourcecode.swift; path = ContentViewController.swift; sourceTree = "<group>"; };
		A529061B1D6FE7080018D74C /* ConversationViewController.h */ = {isa = PBXFileReference; fileEncoding = 4; lastKnownFileType = sourcecode.c.h; path = ConversationViewController.h; sourceTree = "<group>"; };
		A529061C1D6FE7080018D74C /* ConversationViewController.m */ = {isa = PBXFileReference; fileEncoding = 4; lastKnownFileType = sourcecode.c.objc; path = ConversationViewController.m; sourceTree = "<group>"; };
		A529061D1D6FE7080018D74C /* CustomBlockCell.h */ = {isa = PBXFileReference; fileEncoding = 4; lastKnownFileType = sourcecode.c.h; path = CustomBlockCell.h; sourceTree = "<group>"; };
		A529061E1D6FE7080018D74C /* CustomBlockCell.m */ = {isa = PBXFileReference; fileEncoding = 4; lastKnownFileType = sourcecode.c.objc; path = CustomBlockCell.m; sourceTree = "<group>"; };
		A529061F1D6FE7080018D74C /* CustomCategoryCell.h */ = {isa = PBXFileReference; fileEncoding = 4; lastKnownFileType = sourcecode.c.h; path = CustomCategoryCell.h; sourceTree = "<group>"; };
		A52906201D6FE7080018D74C /* CustomCategoryCell.m */ = {isa = PBXFileReference; fileEncoding = 4; lastKnownFileType = sourcecode.c.objc; path = CustomCategoryCell.m; sourceTree = "<group>"; };
		A52906231D6FE7080018D74C /* CustomChatCell.h */ = {isa = PBXFileReference; fileEncoding = 4; lastKnownFileType = sourcecode.c.h; path = CustomChatCell.h; sourceTree = "<group>"; };
		A52906241D6FE7080018D74C /* CustomChatCell.m */ = {isa = PBXFileReference; fileEncoding = 4; lastKnownFileType = sourcecode.c.objc; path = CustomChatCell.m; sourceTree = "<group>"; };
		A52906251D6FE7080018D74C /* Customer.h */ = {isa = PBXFileReference; fileEncoding = 4; lastKnownFileType = sourcecode.c.h; path = Customer.h; sourceTree = "<group>"; };
		A52906261D6FE7080018D74C /* Customer.m */ = {isa = PBXFileReference; fileEncoding = 4; lastKnownFileType = sourcecode.c.objc; path = Customer.m; sourceTree = "<group>"; };
		A52906311D6FE7080018D74C /* CustomSearchCell.h */ = {isa = PBXFileReference; fileEncoding = 4; lastKnownFileType = sourcecode.c.h; path = CustomSearchCell.h; sourceTree = "<group>"; };
		A52906321D6FE7080018D74C /* CustomSearchCell.m */ = {isa = PBXFileReference; fileEncoding = 4; lastKnownFileType = sourcecode.c.objc; path = CustomSearchCell.m; sourceTree = "<group>"; };
		A52906341D6FE7080018D74C /* CustomAblyRealtime.h */ = {isa = PBXFileReference; fileEncoding = 4; lastKnownFileType = sourcecode.c.h; path = CustomAblyRealtime.h; sourceTree = "<group>"; };
		A52906351D6FE7080018D74C /* CustomAblyRealtime.m */ = {isa = PBXFileReference; fileEncoding = 4; lastKnownFileType = sourcecode.c.objc; path = CustomAblyRealtime.m; sourceTree = "<group>"; };
		A52906361D6FE7080018D74C /* DatabaseManager.h */ = {isa = PBXFileReference; fileEncoding = 4; lastKnownFileType = sourcecode.c.h; path = DatabaseManager.h; sourceTree = "<group>"; };
		A52906371D6FE7080018D74C /* DatabaseManager.m */ = {isa = PBXFileReference; fileEncoding = 4; lastKnownFileType = sourcecode.c.objc; path = DatabaseManager.m; sourceTree = "<group>"; };
		A52906381D6FE7080018D74C /* DatabaseView.h */ = {isa = PBXFileReference; fileEncoding = 4; lastKnownFileType = sourcecode.c.h; path = DatabaseView.h; sourceTree = "<group>"; };
		A52906391D6FE7080018D74C /* DatabaseView.m */ = {isa = PBXFileReference; fileEncoding = 4; lastKnownFileType = sourcecode.c.objc; path = DatabaseView.m; sourceTree = "<group>"; };
		A529063A1D6FE7080018D74C /* DOFavoriteButton.swift */ = {isa = PBXFileReference; fileEncoding = 4; lastKnownFileType = sourcecode.swift; path = DOFavoriteButton.swift; sourceTree = "<group>"; };
		A529063B1D6FE7080018D74C /* Image.h */ = {isa = PBXFileReference; fileEncoding = 4; lastKnownFileType = sourcecode.c.h; path = Image.h; sourceTree = "<group>"; };
		A529063C1D6FE7080018D74C /* Image.m */ = {isa = PBXFileReference; fileEncoding = 4; lastKnownFileType = sourcecode.c.objc; path = Image.m; sourceTree = "<group>"; };
		A529063D1D6FE7080018D74C /* Incoming.h */ = {isa = PBXFileReference; fileEncoding = 4; lastKnownFileType = sourcecode.c.h; path = Incoming.h; sourceTree = "<group>"; };
		A529063E1D6FE7080018D74C /* Incoming.m */ = {isa = PBXFileReference; fileEncoding = 4; lastKnownFileType = sourcecode.c.objc; path = Incoming.m; sourceTree = "<group>"; };
		A529063F1D6FE7080018D74C /* Log.h */ = {isa = PBXFileReference; fileEncoding = 4; lastKnownFileType = sourcecode.c.h; path = Log.h; sourceTree = "<group>"; };
		A52906401D6FE7080018D74C /* LoginHandler.h */ = {isa = PBXFileReference; fileEncoding = 4; lastKnownFileType = sourcecode.c.h; path = LoginHandler.h; sourceTree = "<group>"; };
		A52906411D6FE7080018D74C /* LoginHandler.m */ = {isa = PBXFileReference; fileEncoding = 4; lastKnownFileType = sourcecode.c.objc; path = LoginHandler.m; sourceTree = "<group>"; };
		A52906421D6FE7080018D74C /* LoginViewController.h */ = {isa = PBXFileReference; fileEncoding = 4; lastKnownFileType = sourcecode.c.h; path = LoginViewController.h; sourceTree = "<group>"; };
		A52906431D6FE7080018D74C /* LoginViewController.m */ = {isa = PBXFileReference; fileEncoding = 4; lastKnownFileType = sourcecode.c.objc; path = LoginViewController.m; sourceTree = "<group>"; };
		A52906451D6FE7080018D74C /* MapView.h */ = {isa = PBXFileReference; fileEncoding = 4; lastKnownFileType = sourcecode.c.h; path = MapView.h; sourceTree = "<group>"; };
		A52906461D6FE7080018D74C /* MapView.m */ = {isa = PBXFileReference; fileEncoding = 4; lastKnownFileType = sourcecode.c.objc; path = MapView.m; sourceTree = "<group>"; };
		A52906471D6FE7080018D74C /* MapView.xib */ = {isa = PBXFileReference; fileEncoding = 4; lastKnownFileType = file.xib; path = MapView.xib; sourceTree = "<group>"; };
		A52906481D6FE7080018D74C /* Message.h */ = {isa = PBXFileReference; fileEncoding = 4; lastKnownFileType = sourcecode.c.h; path = Message.h; sourceTree = "<group>"; };
		A52906491D6FE7080018D74C /* Message.m */ = {isa = PBXFileReference; fileEncoding = 4; lastKnownFileType = sourcecode.c.objc; path = Message.m; sourceTree = "<group>"; };
		A529064A1D6FE7080018D74C /* Reachability.h */ = {isa = PBXFileReference; fileEncoding = 4; lastKnownFileType = sourcecode.c.h; path = Reachability.h; sourceTree = "<group>"; };
		A529064B1D6FE7080018D74C /* Reachability.m */ = {isa = PBXFileReference; fileEncoding = 4; lastKnownFileType = sourcecode.c.objc; path = Reachability.m; sourceTree = "<group>"; };
		A529064C1D6FE7080018D74C /* NotificationPermissions.h */ = {isa = PBXFileReference; fileEncoding = 4; lastKnownFileType = sourcecode.c.h; path = NotificationPermissions.h; sourceTree = "<group>"; };
		A529064D1D6FE7080018D74C /* NotificationPermissions.m */ = {isa = PBXFileReference; fileEncoding = 4; lastKnownFileType = sourcecode.c.objc; path = NotificationPermissions.m; sourceTree = "<group>"; };
		A529064E1D6FE7080018D74C /* NotificationsViewController.h */ = {isa = PBXFileReference; fileEncoding = 4; lastKnownFileType = sourcecode.c.h; path = NotificationsViewController.h; sourceTree = "<group>"; };
		A529064F1D6FE7080018D74C /* NotificationsViewController.m */ = {isa = PBXFileReference; fileEncoding = 4; lastKnownFileType = sourcecode.c.objc; path = NotificationsViewController.m; sourceTree = "<group>"; };
		A52906501D6FE7080018D74C /* NSFileManager+Conversa.h */ = {isa = PBXFileReference; fileEncoding = 4; lastKnownFileType = sourcecode.c.h; path = "NSFileManager+Conversa.h"; sourceTree = "<group>"; };
		A52906511D6FE7080018D74C /* NSFileManager+Conversa.m */ = {isa = PBXFileReference; fileEncoding = 4; lastKnownFileType = sourcecode.c.objc; path = "NSFileManager+Conversa.m"; sourceTree = "<group>"; };
		A52906521D6FE7080018D74C /* NSNumber+Conversa.h */ = {isa = PBXFileReference; fileEncoding = 4; lastKnownFileType = sourcecode.c.h; path = "NSNumber+Conversa.h"; sourceTree = "<group>"; };
		A52906531D6FE7080018D74C /* NSNumber+Conversa.m */ = {isa = PBXFileReference; fileEncoding = 4; lastKnownFileType = sourcecode.c.objc; path = "NSNumber+Conversa.m"; sourceTree = "<group>"; };
		A52906561D6FE7080018D74C /* PhotoMediaItem.h */ = {isa = PBXFileReference; fileEncoding = 4; lastKnownFileType = sourcecode.c.h; path = PhotoMediaItem.h; sourceTree = "<group>"; };
		A52906571D6FE7080018D74C /* PhotoMediaItem.m */ = {isa = PBXFileReference; fileEncoding = 4; lastKnownFileType = sourcecode.c.objc; path = PhotoMediaItem.m; sourceTree = "<group>"; };
		A52906581D6FE7080018D74C /* PopularSearch.h */ = {isa = PBXFileReference; fileEncoding = 4; lastKnownFileType = sourcecode.c.h; path = PopularSearch.h; sourceTree = "<group>"; };
		A52906591D6FE7080018D74C /* PopularSearch.m */ = {isa = PBXFileReference; fileEncoding = 4; lastKnownFileType = sourcecode.c.objc; path = PopularSearch.m; sourceTree = "<group>"; };
		A52906641D6FE7080018D74C /* RecoverViewController.h */ = {isa = PBXFileReference; fileEncoding = 4; lastKnownFileType = sourcecode.c.h; path = RecoverViewController.h; sourceTree = "<group>"; };
		A52906651D6FE7080018D74C /* RecoverViewController.m */ = {isa = PBXFileReference; fileEncoding = 4; lastKnownFileType = sourcecode.c.objc; path = RecoverViewController.m; sourceTree = "<group>"; };
		A52906661D6FE7080018D74C /* RegisterViewController.h */ = {isa = PBXFileReference; fileEncoding = 4; lastKnownFileType = sourcecode.c.h; path = RegisterViewController.h; sourceTree = "<group>"; };
		A52906671D6FE7080018D74C /* RegisterViewController.m */ = {isa = PBXFileReference; fileEncoding = 4; lastKnownFileType = sourcecode.c.objc; path = RegisterViewController.m; sourceTree = "<group>"; };
		A52906681D6FE7080018D74C /* SearchViewController.h */ = {isa = PBXFileReference; fileEncoding = 4; lastKnownFileType = sourcecode.c.h; path = SearchViewController.h; sourceTree = "<group>"; };
		A52906691D6FE7080018D74C /* SearchViewController.m */ = {isa = PBXFileReference; fileEncoding = 4; lastKnownFileType = sourcecode.c.objc; path = SearchViewController.m; sourceTree = "<group>"; };
		A529066A1D6FE7080018D74C /* SettingsKeys.h */ = {isa = PBXFileReference; fileEncoding = 4; lastKnownFileType = sourcecode.c.h; path = SettingsKeys.h; sourceTree = "<group>"; };
		A529066B1D6FE7080018D74C /* SettingsKeys.m */ = {isa = PBXFileReference; fileEncoding = 4; lastKnownFileType = sourcecode.c.objc; path = SettingsKeys.m; sourceTree = "<group>"; };
		A529066C1D6FE7080018D74C /* SettingsViewController.h */ = {isa = PBXFileReference; fileEncoding = 4; lastKnownFileType = sourcecode.c.h; path = SettingsViewController.h; sourceTree = "<group>"; };
		A529066D1D6FE7080018D74C /* SettingsViewController.m */ = {isa = PBXFileReference; fileEncoding = 4; lastKnownFileType = sourcecode.c.objc; path = SettingsViewController.m; sourceTree = "<group>"; };
		A52906731D6FE7080018D74C /* TutorialViewController.swift */ = {isa = PBXFileReference; fileEncoding = 4; lastKnownFileType = sourcecode.swift; path = TutorialViewController.swift; sourceTree = "<group>"; };
		A52906741D6FE7080018D74C /* Utilities.h */ = {isa = PBXFileReference; fileEncoding = 4; lastKnownFileType = sourcecode.c.h; path = Utilities.h; sourceTree = "<group>"; };
		A52906751D6FE7080018D74C /* Utilities.m */ = {isa = PBXFileReference; fileEncoding = 4; lastKnownFileType = sourcecode.c.objc; path = Utilities.m; sourceTree = "<group>"; };
		A52906761D6FE7080018D74C /* Video.h */ = {isa = PBXFileReference; fileEncoding = 4; lastKnownFileType = sourcecode.c.h; path = Video.h; sourceTree = "<group>"; };
		A52906771D6FE7080018D74C /* Video.m */ = {isa = PBXFileReference; fileEncoding = 4; lastKnownFileType = sourcecode.c.objc; path = Video.m; sourceTree = "<group>"; };
		A52906781D6FE7080018D74C /* VideoMediaItem.h */ = {isa = PBXFileReference; fileEncoding = 4; lastKnownFileType = sourcecode.c.h; path = VideoMediaItem.h; sourceTree = "<group>"; };
		A52906791D6FE7080018D74C /* VideoMediaItem.m */ = {isa = PBXFileReference; fileEncoding = 4; lastKnownFileType = sourcecode.c.objc; path = VideoMediaItem.m; sourceTree = "<group>"; };
		A529067A1D6FE7080018D74C /* WhisperBridge.swift */ = {isa = PBXFileReference; fileEncoding = 4; lastKnownFileType = sourcecode.swift; path = WhisperBridge.swift; sourceTree = "<group>"; };
		A529067B1D6FE7080018D74C /* YapAccount.h */ = {isa = PBXFileReference; fileEncoding = 4; lastKnownFileType = sourcecode.c.h; path = YapAccount.h; sourceTree = "<group>"; };
		A529067C1D6FE7080018D74C /* YapAccount.m */ = {isa = PBXFileReference; fileEncoding = 4; lastKnownFileType = sourcecode.c.objc; path = YapAccount.m; sourceTree = "<group>"; };
		A529067D1D6FE7080018D74C /* YapContact.h */ = {isa = PBXFileReference; fileEncoding = 4; lastKnownFileType = sourcecode.c.h; path = YapContact.h; sourceTree = "<group>"; };
		A529067E1D6FE7080018D74C /* YapContact.m */ = {isa = PBXFileReference; fileEncoding = 4; lastKnownFileType = sourcecode.c.objc; path = YapContact.m; sourceTree = "<group>"; };
		A529067F1D6FE7080018D74C /* YapDatabaseObject.h */ = {isa = PBXFileReference; fileEncoding = 4; lastKnownFileType = sourcecode.c.h; path = YapDatabaseObject.h; sourceTree = "<group>"; };
		A52906801D6FE7080018D74C /* YapDatabaseObject.m */ = {isa = PBXFileReference; fileEncoding = 4; lastKnownFileType = sourcecode.c.objc; path = YapDatabaseObject.m; sourceTree = "<group>"; };
		A52906811D6FE7080018D74C /* YapMessage.h */ = {isa = PBXFileReference; fileEncoding = 4; lastKnownFileType = sourcecode.c.h; path = YapMessage.h; sourceTree = "<group>"; };
		A52906821D6FE7080018D74C /* YapMessage.m */ = {isa = PBXFileReference; fileEncoding = 4; lastKnownFileType = sourcecode.c.objc; path = YapMessage.m; sourceTree = "<group>"; };
		A52906831D6FE7080018D74C /* YapSearch.h */ = {isa = PBXFileReference; fileEncoding = 4; lastKnownFileType = sourcecode.c.h; path = YapSearch.h; sourceTree = "<group>"; };
		A52906841D6FE7080018D74C /* YapSearch.m */ = {isa = PBXFileReference; fileEncoding = 4; lastKnownFileType = sourcecode.c.objc; path = YapSearch.m; sourceTree = "<group>"; };
		A53962901D70B83900D557FE /* OneSignalController.h */ = {isa = PBXFileReference; fileEncoding = 4; lastKnownFileType = sourcecode.c.h; path = OneSignalController.h; sourceTree = "<group>"; };
		A53962911D70B83900D557FE /* OneSignalController.m */ = {isa = PBXFileReference; fileEncoding = 4; lastKnownFileType = sourcecode.c.objc; path = OneSignalController.m; sourceTree = "<group>"; };
		A53962921D70B83900D557FE /* OneSignalService.m */ = {isa = PBXFileReference; fileEncoding = 4; lastKnownFileType = sourcecode.c.objc; path = OneSignalService.m; sourceTree = "<group>"; };
		A53962931D70B83900D557FE /* OneSignalService.h */ = {isa = PBXFileReference; fileEncoding = 4; lastKnownFileType = sourcecode.c.h; path = OneSignalService.h; sourceTree = "<group>"; };
		A54F51FE1DD562F9008BF9FB /* Conversa.entitlements */ = {isa = PBXFileReference; lastKnownFileType = text.xml; path = Conversa.entitlements; sourceTree = "<group>"; };
		A55B5D131D53C8F300AA576A /* Conversa.app */ = {isa = PBXFileReference; explicitFileType = wrapper.application; includeInIndex = 0; path = Conversa.app; sourceTree = BUILT_PRODUCTS_DIR; };
		A55B5D171D53C8F300AA576A /* main.m */ = {isa = PBXFileReference; lastKnownFileType = sourcecode.c.objc; path = main.m; sourceTree = "<group>"; };
		A55B5D191D53C8F300AA576A /* AppDelegate.h */ = {isa = PBXFileReference; lastKnownFileType = sourcecode.c.h; path = AppDelegate.h; sourceTree = "<group>"; };
		A55B5D1A1D53C8F300AA576A /* AppDelegate.m */ = {isa = PBXFileReference; lastKnownFileType = sourcecode.c.objc; path = AppDelegate.m; sourceTree = "<group>"; };
		A55B5D231D53C8F300AA576A /* Base */ = {isa = PBXFileReference; lastKnownFileType = file.storyboard; name = Base; path = Base.lproj/Main.storyboard; sourceTree = "<group>"; };
		A55B5D251D53C8F300AA576A /* Assets.xcassets */ = {isa = PBXFileReference; lastKnownFileType = folder.assetcatalog; path = Assets.xcassets; sourceTree = "<group>"; };
		A55B5D281D53C8F300AA576A /* Base */ = {isa = PBXFileReference; lastKnownFileType = file.storyboard; name = Base; path = Base.lproj/LaunchScreen.storyboard; sourceTree = "<group>"; };
		A55B5D2A1D53C8F300AA576A /* Info.plist */ = {isa = PBXFileReference; lastKnownFileType = text.plist.xml; path = Info.plist; sourceTree = "<group>"; };
		A56C26EA1DED000D00EA700B /* ProfileDialogViewController.h */ = {isa = PBXFileReference; fileEncoding = 4; lastKnownFileType = sourcecode.c.h; path = ProfileDialogViewController.h; sourceTree = "<group>"; };
		A56C26EB1DED000D00EA700B /* ProfileDialogViewController.m */ = {isa = PBXFileReference; fileEncoding = 4; lastKnownFileType = sourcecode.c.objc; path = ProfileDialogViewController.m; sourceTree = "<group>"; };
		A59F4CDF1DD786FA005491B2 /* ParseValidation.h */ = {isa = PBXFileReference; fileEncoding = 4; lastKnownFileType = sourcecode.c.h; path = ParseValidation.h; sourceTree = "<group>"; };
		A59F4CE01DD786FA005491B2 /* ParseValidation.m */ = {isa = PBXFileReference; fileEncoding = 4; lastKnownFileType = sourcecode.c.objc; path = ParseValidation.m; sourceTree = "<group>"; };
		A59F4CE21DD78AE2005491B2 /* CustomCategoryHeaderCell.h */ = {isa = PBXFileReference; fileEncoding = 4; lastKnownFileType = sourcecode.c.h; path = CustomCategoryHeaderCell.h; sourceTree = "<group>"; };
		A59F4CE31DD78AE2005491B2 /* CustomCategoryHeaderCell.m */ = {isa = PBXFileReference; fileEncoding = 4; lastKnownFileType = sourcecode.c.objc; path = CustomCategoryHeaderCell.m; sourceTree = "<group>"; };
		A59F4CE61DD7AB7D005491B2 /* nHeaderTitle.h */ = {isa = PBXFileReference; fileEncoding = 4; lastKnownFileType = sourcecode.c.h; path = nHeaderTitle.h; sourceTree = "<group>"; };
		A59F4CE71DD7AB7D005491B2 /* nHeaderTitle.m */ = {isa = PBXFileReference; fileEncoding = 4; lastKnownFileType = sourcecode.c.objc; path = nHeaderTitle.m; sourceTree = "<group>"; };
		A59F4CE91DD7B144005491B2 /* nCategory.h */ = {isa = PBXFileReference; fileEncoding = 4; lastKnownFileType = sourcecode.c.h; path = nCategory.h; sourceTree = "<group>"; };
		A59F4CEA1DD7B144005491B2 /* nCategory.m */ = {isa = PBXFileReference; fileEncoding = 4; lastKnownFileType = sourcecode.c.objc; path = nCategory.m; sourceTree = "<group>"; };
		A59F4CEC1DD7B937005491B2 /* bCategory.h */ = {isa = PBXFileReference; fileEncoding = 4; lastKnownFileType = sourcecode.c.h; path = bCategory.h; sourceTree = "<group>"; };
		A59F4CED1DD7B937005491B2 /* bCategory.m */ = {isa = PBXFileReference; fileEncoding = 4; lastKnownFileType = sourcecode.c.objc; path = bCategory.m; sourceTree = "<group>"; };
		A5B6141E1DEFEC6300C7A4C1 /* AppJobs.h */ = {isa = PBXFileReference; fileEncoding = 4; lastKnownFileType = sourcecode.c.h; path = AppJobs.h; sourceTree = "<group>"; };
		A5B6141F1DEFEC6300C7A4C1 /* AppJobs.m */ = {isa = PBXFileReference; fileEncoding = 4; lastKnownFileType = sourcecode.c.objc; path = AppJobs.m; sourceTree = "<group>"; };
		A5BA423D1DFBBE2000B59A86 /* HomeViewController.h */ = {isa = PBXFileReference; fileEncoding = 4; lastKnownFileType = sourcecode.c.h; path = HomeViewController.h; sourceTree = "<group>"; };
		A5BA423E1DFBBE2000B59A86 /* HomeViewController.m */ = {isa = PBXFileReference; fileEncoding = 4; lastKnownFileType = sourcecode.c.objc; path = HomeViewController.m; sourceTree = "<group>"; };
		A5BA42401DFBD55600B59A86 /* Base */ = {isa = PBXFileReference; lastKnownFileType = text.plist.strings; name = Base; path = Base.lproj/InfoPlist.strings; sourceTree = "<group>"; };
		A5D10A471DF2437000DB9EDF /* CustomBusinessCell.h */ = {isa = PBXFileReference; fileEncoding = 4; lastKnownFileType = sourcecode.c.h; path = CustomBusinessCell.h; sourceTree = "<group>"; };
		A5D10A481DF2437000DB9EDF /* CustomBusinessCell.m */ = {isa = PBXFileReference; fileEncoding = 4; lastKnownFileType = sourcecode.c.objc; path = CustomBusinessCell.m; sourceTree = "<group>"; };
		A5F78A8C1D6FF51000A3ADD8 /* Conversa-Bridging-Header.h */ = {isa = PBXFileReference; fileEncoding = 4; lastKnownFileType = sourcecode.c.h; path = "Conversa-Bridging-Header.h"; sourceTree = "<group>"; };
		A5F8BC0F1DD59D40008BD50B /* Base */ = {isa = PBXFileReference; lastKnownFileType = text.plist.strings; name = Base; path = Base.lproj/Localizable.strings; sourceTree = "<group>"; };
		A5FEBDDF1DF5D2CA002B8836 /* es */ = {isa = PBXFileReference; lastKnownFileType = text.plist.strings; name = es; path = es.lproj/InfoPlist.strings; sourceTree = "<group>"; };
		A5FEBDE11DF60801002B8836 /* QuartzCore.framework */ = {isa = PBXFileReference; lastKnownFileType = wrapper.framework; name = QuartzCore.framework; path = System/Library/Frameworks/QuartzCore.framework; sourceTree = SDKROOT; };
		C1EB0991693E08B742146D18 /* Pods_Conversa.framework */ = {isa = PBXFileReference; explicitFileType = wrapper.framework; includeInIndex = 0; path = Pods_Conversa.framework; sourceTree = BUILT_PRODUCTS_DIR; };
		FEF14DF4276BD6F9F1BAD2CB /* Pods-Conversa.debug.xcconfig */ = {isa = PBXFileReference; includeInIndex = 1; lastKnownFileType = text.xcconfig; name = "Pods-Conversa.debug.xcconfig"; path = "Pods/Target Support Files/Pods-Conversa/Pods-Conversa.debug.xcconfig"; sourceTree = "<group>"; };
/* End PBXFileReference section */

/* Begin PBXFrameworksBuildPhase section */
		A55B5D101D53C8F300AA576A /* Frameworks */ = {
			isa = PBXFrameworksBuildPhase;
			buildActionMask = 2147483647;
			files = (
				22958087C107A764F2D850F4 /* Pods_Conversa.framework in Frameworks */,
			);
			runOnlyForDeploymentPostprocessing = 0;
		};
/* End PBXFrameworksBuildPhase section */

/* Begin PBXGroup section */
		20CF63292522CFA9C7A0FEFF /* Frameworks */ = {
			isa = PBXGroup;
			children = (
				A5FEBDE11DF60801002B8836 /* QuartzCore.framework */,
				C1EB0991693E08B742146D18 /* Pods_Conversa.framework */,
			);
			name = Frameworks;
			sourceTree = "<group>";
		};
		4A3B691DFDC9721D6C11C833 /* Pods */ = {
			isa = PBXGroup;
			children = (
				FEF14DF4276BD6F9F1BAD2CB /* Pods-Conversa.debug.xcconfig */,
				889B71B8015672A28D2B9B53 /* Pods-Conversa.release.xcconfig */,
			);
			name = Pods;
			sourceTree = "<group>";
		};
		A52905F61D6FE7080018D74C /* Classes */ = {
			isa = PBXGroup;
			children = (
				A5A7DDF11DD5695C00E0D242 /* Cells */,
				A5A7DDF21DD5696300E0D242 /* Connection */,
				A5A7DDF31DD5696B00E0D242 /* Custom */,
				A539628B1D70AF8E00D557FE /* Database */,
				A5B6141D1DEFEC3B00C7A4C1 /* Jobs */,
				A539628C1D70AFAC00D557FE /* Media */,
				A5A7DDF41DD5698000E0D242 /* MediaItems */,
				A59F4CE51DD7AB65005491B2 /* Model */,
				A5A7DDF51DD5698B00E0D242 /* Notification */,
				A539628D1D70AFDD00D557FE /* Parse */,
				A5A7DDF61DD5699600E0D242 /* Utils */,
				A539628E1D70B01E00D557FE /* ViewControllers */,
				A539628F1D70B05200D557FE /* Views */,
				A5A7DDF71DD569AB00E0D242 /* YapDatabase */,
			);
			path = Classes;
			sourceTree = "<group>";
		};
		A539628B1D70AF8E00D557FE /* Database */ = {
			isa = PBXGroup;
			children = (
				A52906361D6FE7080018D74C /* DatabaseManager.h */,
				A52906371D6FE7080018D74C /* DatabaseManager.m */,
				A52906381D6FE7080018D74C /* DatabaseView.h */,
				A52906391D6FE7080018D74C /* DatabaseView.m */,
			);
			name = Database;
			sourceTree = "<group>";
		};
		A539628C1D70AFAC00D557FE /* Media */ = {
			isa = PBXGroup;
			children = (
				A52905FD1D6FE7080018D74C /* Audio.h */,
				A52905FE1D6FE7080018D74C /* Audio.m */,
				A52906091D6FE7080018D74C /* Camera.h */,
				A529060A1D6FE7080018D74C /* Camera.m */,
				A529063B1D6FE7080018D74C /* Image.h */,
				A529063C1D6FE7080018D74C /* Image.m */,
				A52906761D6FE7080018D74C /* Video.h */,
				A52906771D6FE7080018D74C /* Video.m */,
			);
			name = Media;
			sourceTree = "<group>";
		};
		A539628D1D70AFDD00D557FE /* Parse */ = {
			isa = PBXGroup;
			children = (
				A52905F91D6FE7080018D74C /* Account.h */,
				A52905FA1D6FE7080018D74C /* Account.m */,
				A59F4CEC1DD7B937005491B2 /* bCategory.h */,
				A59F4CED1DD7B937005491B2 /* bCategory.m */,
				A52906051D6FE7080018D74C /* Business.h */,
				A52906061D6FE7080018D74C /* Business.m */,
				A52906071D6FE7080018D74C /* BusinessCategory.h */,
				A52906081D6FE7080018D74C /* BusinessCategory.m */,
				A52906251D6FE7080018D74C /* Customer.h */,
				A52906261D6FE7080018D74C /* Customer.m */,
				A52906481D6FE7080018D74C /* Message.h */,
				A52906491D6FE7080018D74C /* Message.m */,
				A52906581D6FE7080018D74C /* PopularSearch.h */,
				A52906591D6FE7080018D74C /* PopularSearch.m */,
			);
			name = Parse;
			sourceTree = "<group>";
		};
		A539628E1D70B01E00D557FE /* ViewControllers */ = {
			isa = PBXGroup;
			children = (
				A5E77A641DD56BB80032B7D5 /* Categories */,
				A5E77A631DD56BB40032B7D5 /* Chats */,
				A5E77A611DD56BAA0032B7D5 /* Login */,
				A5E77A601DD56BA20032B7D5 /* Profile */,
				A5E77A5F1DD56B9D0032B7D5 /* Search */,
				A5E77A5E1DD56B980032B7D5 /* Settings */,
				A52906191D6FE7080018D74C /* ContentViewController.swift */,
				A52906731D6FE7080018D74C /* TutorialViewController.swift */,
			);
			name = ViewControllers;
			sourceTree = "<group>";
		};
		A539628F1D70B05200D557FE /* Views */ = {
			isa = PBXGroup;
			children = (
				A529063A1D6FE7080018D74C /* DOFavoriteButton.swift */,
				A52906451D6FE7080018D74C /* MapView.h */,
				A52906461D6FE7080018D74C /* MapView.m */,
				A52906471D6FE7080018D74C /* MapView.xib */,
			);
			name = Views;
			sourceTree = "<group>";
		};
		A55B5D0A1D53C8F300AA576A = {
			isa = PBXGroup;
			children = (
				A52905F61D6FE7080018D74C /* Classes */,
				A55B5D151D53C8F300AA576A /* Conversa */,
				A55B5D141D53C8F300AA576A /* Products */,
				4A3B691DFDC9721D6C11C833 /* Pods */,
				20CF63292522CFA9C7A0FEFF /* Frameworks */,
			);
			sourceTree = "<group>";
		};
		A55B5D141D53C8F300AA576A /* Products */ = {
			isa = PBXGroup;
			children = (
				A55B5D131D53C8F300AA576A /* Conversa.app */,
			);
			name = Products;
			sourceTree = "<group>";
		};
		A55B5D151D53C8F300AA576A /* Conversa */ = {
			isa = PBXGroup;
			children = (
				A54F51FE1DD562F9008BF9FB /* Conversa.entitlements */,
				A55B5D191D53C8F300AA576A /* AppDelegate.h */,
				A55B5D1A1D53C8F300AA576A /* AppDelegate.m */,
				A5F78A8C1D6FF51000A3ADD8 /* Conversa-Bridging-Header.h */,
				A55B5D221D53C8F300AA576A /* Main.storyboard */,
				A55B5D271D53C8F300AA576A /* LaunchScreen.storyboard */,
				A55B5D251D53C8F300AA576A /* Assets.xcassets */,
				A55B5D2A1D53C8F300AA576A /* Info.plist */,
				A55B5D161D53C8F300AA576A /* Supporting Files */,
				A5A7DDF01DD5692600E0D242 /* Strings */,
			);
			path = Conversa;
			sourceTree = "<group>";
		};
		A55B5D161D53C8F300AA576A /* Supporting Files */ = {
			isa = PBXGroup;
			children = (
				A55B5D171D53C8F300AA576A /* main.m */,
			);
			name = "Supporting Files";
			sourceTree = "<group>";
		};
		A59F4CE51DD7AB65005491B2 /* Model */ = {
			isa = PBXGroup;
			children = (
				A59F4CE61DD7AB7D005491B2 /* nHeaderTitle.h */,
				A59F4CE71DD7AB7D005491B2 /* nHeaderTitle.m */,
				A59F4CE91DD7B144005491B2 /* nCategory.h */,
				A59F4CEA1DD7B144005491B2 /* nCategory.m */,
			);
			name = Model;
			sourceTree = "<group>";
		};
		A5A7DDF01DD5692600E0D242 /* Strings */ = {
			isa = PBXGroup;
			children = (
				A5FEBDDC1DF5D2C6002B8836 /* InfoPlist.strings */,
				A5F8BC101DD59D40008BD50B /* Localizable.strings */,
			);
			name = Strings;
			sourceTree = "<group>";
		};
		A5A7DDF11DD5695C00E0D242 /* Cells */ = {
			isa = PBXGroup;
			children = (
				A529061D1D6FE7080018D74C /* CustomBlockCell.h */,
				A529061E1D6FE7080018D74C /* CustomBlockCell.m */,
				A529061F1D6FE7080018D74C /* CustomCategoryCell.h */,
				A52906201D6FE7080018D74C /* CustomCategoryCell.m */,
				A52906231D6FE7080018D74C /* CustomChatCell.h */,
				A52906241D6FE7080018D74C /* CustomChatCell.m */,
				A52906311D6FE7080018D74C /* CustomSearchCell.h */,
				A52906321D6FE7080018D74C /* CustomSearchCell.m */,
				A59F4CE21DD78AE2005491B2 /* CustomCategoryHeaderCell.h */,
				A59F4CE31DD78AE2005491B2 /* CustomCategoryHeaderCell.m */,
				A5D10A471DF2437000DB9EDF /* CustomBusinessCell.h */,
				A5D10A481DF2437000DB9EDF /* CustomBusinessCell.m */,
			);
			name = Cells;
			sourceTree = "<group>";
		};
		A5A7DDF21DD5696300E0D242 /* Connection */ = {
			isa = PBXGroup;
			children = (
				A52906341D6FE7080018D74C /* CustomAblyRealtime.h */,
				A52906351D6FE7080018D74C /* CustomAblyRealtime.m */,
			);
			name = Connection;
			sourceTree = "<group>";
		};
		A5A7DDF31DD5696B00E0D242 /* Custom */ = {
			isa = PBXGroup;
			children = (
				A52906501D6FE7080018D74C /* NSFileManager+Conversa.h */,
				A52906511D6FE7080018D74C /* NSFileManager+Conversa.m */,
				A52906521D6FE7080018D74C /* NSNumber+Conversa.h */,
				A52906531D6FE7080018D74C /* NSNumber+Conversa.m */,
			);
			name = Custom;
			sourceTree = "<group>";
		};
		A5A7DDF41DD5698000E0D242 /* MediaItems */ = {
			isa = PBXGroup;
			children = (
				A52905FF1D6FE7080018D74C /* AudioMediaItem.h */,
				A52906001D6FE7080018D74C /* AudioMediaItem.m */,
				A529063D1D6FE7080018D74C /* Incoming.h */,
				A529063E1D6FE7080018D74C /* Incoming.m */,
				A52906561D6FE7080018D74C /* PhotoMediaItem.h */,
				A52906571D6FE7080018D74C /* PhotoMediaItem.m */,
				A52906781D6FE7080018D74C /* VideoMediaItem.h */,
				A52906791D6FE7080018D74C /* VideoMediaItem.m */,
			);
			name = MediaItems;
			sourceTree = "<group>";
		};
		A5A7DDF51DD5698B00E0D242 /* Notification */ = {
			isa = PBXGroup;
			children = (
				A529064C1D6FE7080018D74C /* NotificationPermissions.h */,
				A529064D1D6FE7080018D74C /* NotificationPermissions.m */,
				A53962901D70B83900D557FE /* OneSignalController.h */,
				A53962911D70B83900D557FE /* OneSignalController.m */,
				A53962931D70B83900D557FE /* OneSignalService.h */,
				A53962921D70B83900D557FE /* OneSignalService.m */,
				A529067A1D6FE7080018D74C /* WhisperBridge.swift */,
			);
			name = Notification;
			sourceTree = "<group>";
		};
		A5A7DDF61DD5699600E0D242 /* Utils */ = {
			isa = PBXGroup;
			children = (
				A52906151D6FE7080018D74C /* Colors.h */,
				A52906161D6FE7080018D74C /* Colors.m */,
				A52906171D6FE7080018D74C /* Constants.h */,
				A52906181D6FE7080018D74C /* Constants.m */,
				A529063F1D6FE7080018D74C /* Log.h */,
				A529064A1D6FE7080018D74C /* Reachability.h */,
				A529064B1D6FE7080018D74C /* Reachability.m */,
				A529066A1D6FE7080018D74C /* SettingsKeys.h */,
				A529066B1D6FE7080018D74C /* SettingsKeys.m */,
				A52906741D6FE7080018D74C /* Utilities.h */,
				A52906751D6FE7080018D74C /* Utilities.m */,
				A59F4CDF1DD786FA005491B2 /* ParseValidation.h */,
				A59F4CE01DD786FA005491B2 /* ParseValidation.m */,
			);
			name = Utils;
			sourceTree = "<group>";
		};
		A5A7DDF71DD569AB00E0D242 /* YapDatabase */ = {
			isa = PBXGroup;
			children = (
				A529067B1D6FE7080018D74C /* YapAccount.h */,
				A529067C1D6FE7080018D74C /* YapAccount.m */,
				A529067D1D6FE7080018D74C /* YapContact.h */,
				A529067E1D6FE7080018D74C /* YapContact.m */,
				A529067F1D6FE7080018D74C /* YapDatabaseObject.h */,
				A52906801D6FE7080018D74C /* YapDatabaseObject.m */,
				A52906811D6FE7080018D74C /* YapMessage.h */,
				A52906821D6FE7080018D74C /* YapMessage.m */,
				A52906831D6FE7080018D74C /* YapSearch.h */,
				A52906841D6FE7080018D74C /* YapSearch.m */,
			);
			name = YapDatabase;
			sourceTree = "<group>";
		};
		A5B6141D1DEFEC3B00C7A4C1 /* Jobs */ = {
			isa = PBXGroup;
			children = (
				A5B6141E1DEFEC6300C7A4C1 /* AppJobs.h */,
				A5B6141F1DEFEC6300C7A4C1 /* AppJobs.m */,
			);
			name = Jobs;
			sourceTree = "<group>";
		};
		A5E77A5E1DD56B980032B7D5 /* Settings */ = {
			isa = PBXGroup;
			children = (
				A52905F71D6FE7080018D74C /* AboutViewController.h */,
				A52905F81D6FE7080018D74C /* AboutViewController.m */,
				A52905FB1D6FE7080018D74C /* AccountSettingsViewController.h */,
				A52905FC1D6FE7080018D74C /* AccountSettingsViewController.m */,
				A52906031D6FE7080018D74C /* BlockViewController.h */,
				A52906041D6FE7080018D74C /* BlockViewController.m */,
				A52906111D6FE7080018D74C /* ChatSettingsViewController.h */,
				A52906121D6FE7080018D74C /* ChatSettingsViewController.m */,
				A529064E1D6FE7080018D74C /* NotificationsViewController.h */,
				A529064F1D6FE7080018D74C /* NotificationsViewController.m */,
				A529066C1D6FE7080018D74C /* SettingsViewController.h */,
				A529066D1D6FE7080018D74C /* SettingsViewController.m */,
			);
			name = Settings;
			sourceTree = "<group>";
		};
		A5E77A5F1DD56B9D0032B7D5 /* Search */ = {
			isa = PBXGroup;
			children = (
				A52906681D6FE7080018D74C /* SearchViewController.h */,
				A52906691D6FE7080018D74C /* SearchViewController.m */,
			);
			name = Search;
			sourceTree = "<group>";
		};
		A5E77A601DD56BA20032B7D5 /* Profile */ = {
			isa = PBXGroup;
			children = (
				A56C26EA1DED000D00EA700B /* ProfileDialogViewController.h */,
				A56C26EB1DED000D00EA700B /* ProfileDialogViewController.m */,
			);
			name = Profile;
			sourceTree = "<group>";
		};
		A5E77A611DD56BAA0032B7D5 /* Login */ = {
			isa = PBXGroup;
			children = (
				A5BA423D1DFBBE2000B59A86 /* HomeViewController.h */,
				A5BA423E1DFBBE2000B59A86 /* HomeViewController.m */,
				A52906401D6FE7080018D74C /* LoginHandler.h */,
				A52906411D6FE7080018D74C /* LoginHandler.m */,
				A52906421D6FE7080018D74C /* LoginViewController.h */,
				A52906431D6FE7080018D74C /* LoginViewController.m */,
				A52906641D6FE7080018D74C /* RecoverViewController.h */,
				A52906651D6FE7080018D74C /* RecoverViewController.m */,
				A52906661D6FE7080018D74C /* RegisterViewController.h */,
				A52906671D6FE7080018D74C /* RegisterViewController.m */,
			);
			name = Login;
			sourceTree = "<group>";
		};
		A5E77A631DD56BB40032B7D5 /* Chats */ = {
			isa = PBXGroup;
			children = (
				A52906131D6FE7080018D74C /* ChatsViewController.h */,
				A52906141D6FE7080018D74C /* ChatsViewController.m */,
				A529061B1D6FE7080018D74C /* ConversationViewController.h */,
				A529061C1D6FE7080018D74C /* ConversationViewController.m */,
			);
			name = Chats;
			sourceTree = "<group>";
		};
		A5E77A641DD56BB80032B7D5 /* Categories */ = {
			isa = PBXGroup;
			children = (
				A529060D1D6FE7080018D74C /* CategoriesViewController.h */,
				A529060E1D6FE7080018D74C /* CategoriesViewController.m */,
				A529060F1D6FE7080018D74C /* CategoryViewController.h */,
				A52906101D6FE7080018D74C /* CategoryViewController.m */,
			);
			name = Categories;
			sourceTree = "<group>";
		};
/* End PBXGroup section */

/* Begin PBXNativeTarget section */
		A55B5D121D53C8F300AA576A /* Conversa */ = {
			isa = PBXNativeTarget;
			buildConfigurationList = A55B5D2D1D53C8F300AA576A /* Build configuration list for PBXNativeTarget "Conversa" */;
			buildPhases = (
				07013FF37B7EDD479B0D9131 /* [CP] Check Pods Manifest.lock */,
				4896BEC5257F347E664EAFD7 /* [CP] Embed Pods Frameworks */,
				CA47D9CC57967D9C50FB242A /* [CP] Copy Pods Resources */,
				A55B5D0F1D53C8F300AA576A /* Sources */,
				A55B5D101D53C8F300AA576A /* Frameworks */,
				A55B5D111D53C8F300AA576A /* Resources */,
				A54F51FF1DD5630D008BF9FB /* Fabric */,
			);
			buildRules = (
			);
			dependencies = (
			);
			name = Conversa;
			productName = Conversa;
			productReference = A55B5D131D53C8F300AA576A /* Conversa.app */;
			productType = "com.apple.product-type.application";
		};
/* End PBXNativeTarget section */

/* Begin PBXProject section */
		A55B5D0B1D53C8F300AA576A /* Project object */ = {
			isa = PBXProject;
			attributes = {
				LastUpgradeCheck = 0730;
				ORGANIZATIONNAME = Conversa;
				TargetAttributes = {
					A55B5D121D53C8F300AA576A = {
						CreatedOnToolsVersion = 7.3.1;
						DevelopmentTeam = K5WP7YH5E4;
						LastSwiftMigration = 0810;
						SystemCapabilities = {
							com.apple.BackgroundModes = {
								enabled = 1;
							};
							com.apple.Keychain = {
								enabled = 1;
							};
						};
					};
				};
			};
			buildConfigurationList = A55B5D0E1D53C8F300AA576A /* Build configuration list for PBXProject "Conversa" */;
			compatibilityVersion = "Xcode 3.2";
			developmentRegion = English;
			hasScannedForEncodings = 0;
			knownRegions = (
				en,
				Base,
				es,
			);
			mainGroup = A55B5D0A1D53C8F300AA576A;
			productRefGroup = A55B5D141D53C8F300AA576A /* Products */;
			projectDirPath = "";
			projectRoot = "";
			targets = (
				A55B5D121D53C8F300AA576A /* Conversa */,
			);
		};
/* End PBXProject section */

/* Begin PBXResourcesBuildPhase section */
		A55B5D111D53C8F300AA576A /* Resources */ = {
			isa = PBXResourcesBuildPhase;
			buildActionMask = 2147483647;
			files = (
				A55B5D291D53C8F300AA576A /* LaunchScreen.storyboard in Resources */,
				A5FEBDDA1DF5D2C6002B8836 /* InfoPlist.strings in Resources */,
				A55B5D261D53C8F300AA576A /* Assets.xcassets in Resources */,
				A5F8BC0E1DD59D40008BD50B /* Localizable.strings in Resources */,
				A52906AE1D6FE7080018D74C /* MapView.xib in Resources */,
				A55B5D241D53C8F300AA576A /* Main.storyboard in Resources */,
			);
			runOnlyForDeploymentPostprocessing = 0;
		};
/* End PBXResourcesBuildPhase section */

/* Begin PBXShellScriptBuildPhase section */
		07013FF37B7EDD479B0D9131 /* [CP] Check Pods Manifest.lock */ = {
			isa = PBXShellScriptBuildPhase;
			buildActionMask = 2147483647;
			files = (
			);
			inputPaths = (
			);
			name = "[CP] Check Pods Manifest.lock";
			outputPaths = (
			);
			runOnlyForDeploymentPostprocessing = 0;
			shellPath = /bin/sh;
			shellScript = "diff \"${PODS_ROOT}/../Podfile.lock\" \"${PODS_ROOT}/Manifest.lock\" > /dev/null\nif [ $? != 0 ] ; then\n    # print error to STDERR\n    echo \"error: The sandbox is not in sync with the Podfile.lock. Run 'pod install' or update your CocoaPods installation.\" >&2\n    exit 1\nfi\n";
			showEnvVarsInLog = 0;
		};
		4896BEC5257F347E664EAFD7 /* [CP] Embed Pods Frameworks */ = {
			isa = PBXShellScriptBuildPhase;
			buildActionMask = 2147483647;
			files = (
			);
			inputPaths = (
			);
			name = "[CP] Embed Pods Frameworks";
			outputPaths = (
			);
			runOnlyForDeploymentPostprocessing = 0;
			shellPath = /bin/sh;
			shellScript = "\"${SRCROOT}/Pods/Target Support Files/Pods-Conversa/Pods-Conversa-frameworks.sh\"\n";
			showEnvVarsInLog = 0;
		};
		A54F51FF1DD5630D008BF9FB /* Fabric */ = {
			isa = PBXShellScriptBuildPhase;
			buildActionMask = 2147483647;
			files = (
			);
			inputPaths = (
			);
			name = Fabric;
			outputPaths = (
			);
			runOnlyForDeploymentPostprocessing = 0;
			shellPath = /bin/sh;
			shellScript = "\"${PODS_ROOT}/Fabric/run\" 617c5ff8d2055123134c25a4b496d078123ef1da acd30b9815f90645e328cf824aae7e4605bd0daefd1bda53d49ebdad806b89a1";
		};
		CA47D9CC57967D9C50FB242A /* [CP] Copy Pods Resources */ = {
			isa = PBXShellScriptBuildPhase;
			buildActionMask = 2147483647;
			files = (
			);
			inputPaths = (
			);
			name = "[CP] Copy Pods Resources";
			outputPaths = (
			);
			runOnlyForDeploymentPostprocessing = 0;
			shellPath = /bin/sh;
			shellScript = "\"${SRCROOT}/Pods/Target Support Files/Pods-Conversa/Pods-Conversa-resources.sh\"\n";
			showEnvVarsInLog = 0;
		};
/* End PBXShellScriptBuildPhase section */

/* Begin PBXSourcesBuildPhase section */
		A55B5D0F1D53C8F300AA576A /* Sources */ = {
			isa = PBXSourcesBuildPhase;
			buildActionMask = 2147483647;
			files = (
				A52906C11D6FE7080018D74C /* SettingsKeys.m in Sources */,
				A53962951D70B83900D557FE /* OneSignalService.m in Sources */,
				A52906961D6FE7080018D74C /* ContentViewController.swift in Sources */,
				A52906891D6FE7080018D74C /* AudioMediaItem.m in Sources */,
				A52906B71D6FE7080018D74C /* PopularSearch.m in Sources */,
				A52906911D6FE7080018D74C /* CategoryViewController.m in Sources */,
				A52906CB1D6FE7080018D74C /* YapAccount.m in Sources */,
				A52906CD1D6FE7080018D74C /* YapDatabaseObject.m in Sources */,
				A52906AA1D6FE7080018D74C /* LoginHandler.m in Sources */,
				A52906A71D6FE7080018D74C /* DOFavoriteButton.swift in Sources */,
				A52906CE1D6FE7080018D74C /* YapMessage.m in Sources */,
				A52906881D6FE7080018D74C /* Audio.m in Sources */,
				A52906B11D6FE7080018D74C /* NotificationPermissions.m in Sources */,
				A52906C71D6FE7080018D74C /* Utilities.m in Sources */,
				A52906C91D6FE7080018D74C /* VideoMediaItem.m in Sources */,
				A52906851D6FE7080018D74C /* AboutViewController.m in Sources */,
				A52906B01D6FE7080018D74C /* Reachability.m in Sources */,
				A52906AD1D6FE7080018D74C /* MapView.m in Sources */,
				A529068D1D6FE7080018D74C /* BusinessCategory.m in Sources */,
				A56C26EC1DED000D00EA700B /* ProfileDialogViewController.m in Sources */,
				A59F4CE11DD786FA005491B2 /* ParseValidation.m in Sources */,
				A52906CA1D6FE7080018D74C /* WhisperBridge.swift in Sources */,
				A52906A91D6FE7080018D74C /* Incoming.m in Sources */,
				A52906C81D6FE7080018D74C /* Video.m in Sources */,
				A529068E1D6FE7080018D74C /* Camera.m in Sources */,
				A52906A41D6FE7080018D74C /* CustomAblyRealtime.m in Sources */,
				A5B614201DEFEC6300C7A4C1 /* AppJobs.m in Sources */,
				A52906C21D6FE7080018D74C /* SettingsViewController.m in Sources */,
				A52906921D6FE7080018D74C /* ChatSettingsViewController.m in Sources */,
				A59F4CE81DD7AB7D005491B2 /* nHeaderTitle.m in Sources */,
				A59F4CE41DD78AE2005491B2 /* CustomCategoryHeaderCell.m in Sources */,
				A52906C01D6FE7080018D74C /* SearchViewController.m in Sources */,
				A5BA423F1DFBBE2000B59A86 /* HomeViewController.m in Sources */,
				A52906971D6FE7080018D74C /* ConversationViewController.m in Sources */,
				A529068B1D6FE7080018D74C /* BlockViewController.m in Sources */,
				A52906861D6FE7080018D74C /* Account.m in Sources */,
				A529069B1D6FE7080018D74C /* CustomChatCell.m in Sources */,
				A529068C1D6FE7080018D74C /* Business.m in Sources */,
				A52906AB1D6FE7080018D74C /* LoginViewController.m in Sources */,
				A55B5D1B1D53C8F300AA576A /* AppDelegate.m in Sources */,
				A52906901D6FE7080018D74C /* CategoriesViewController.m in Sources */,
				A52906941D6FE7080018D74C /* Colors.m in Sources */,
				A52906991D6FE7080018D74C /* CustomCategoryCell.m in Sources */,
				A52906871D6FE7080018D74C /* AccountSettingsViewController.m in Sources */,
				A52906B61D6FE7080018D74C /* PhotoMediaItem.m in Sources */,
				A5D10A491DF2437000DB9EDF /* CustomBusinessCell.m in Sources */,
				A52906B31D6FE7080018D74C /* NSFileManager+Conversa.m in Sources */,
				A52906CF1D6FE7080018D74C /* YapSearch.m in Sources */,
				A53962941D70B83900D557FE /* OneSignalController.m in Sources */,
				A52906BF1D6FE7080018D74C /* RegisterViewController.m in Sources */,
				A52906AF1D6FE7080018D74C /* Message.m in Sources */,
				A59F4CEE1DD7B937005491B2 /* bCategory.m in Sources */,
				A52906B21D6FE7080018D74C /* NotificationsViewController.m in Sources */,
				A52906981D6FE7080018D74C /* CustomBlockCell.m in Sources */,
				A52906A81D6FE7080018D74C /* Image.m in Sources */,
				A52906A61D6FE7080018D74C /* DatabaseView.m in Sources */,
				A52906CC1D6FE7080018D74C /* YapContact.m in Sources */,
				A52906BE1D6FE7080018D74C /* RecoverViewController.m in Sources */,
				A52906931D6FE7080018D74C /* ChatsViewController.m in Sources */,
				A529069C1D6FE7080018D74C /* Customer.m in Sources */,
				A55B5D181D53C8F300AA576A /* main.m in Sources */,
				A59F4CEB1DD7B144005491B2 /* nCategory.m in Sources */,
				A52906A21D6FE7080018D74C /* CustomSearchCell.m in Sources */,
				A52906C61D6FE7080018D74C /* TutorialViewController.swift in Sources */,
				A52906B41D6FE7080018D74C /* NSNumber+Conversa.m in Sources */,
				A52906A51D6FE7080018D74C /* DatabaseManager.m in Sources */,
				A52906951D6FE7080018D74C /* Constants.m in Sources */,
			);
			runOnlyForDeploymentPostprocessing = 0;
		};
/* End PBXSourcesBuildPhase section */

/* Begin PBXVariantGroup section */
		A55B5D221D53C8F300AA576A /* Main.storyboard */ = {
			isa = PBXVariantGroup;
			children = (
				A55B5D231D53C8F300AA576A /* Base */,
				A51441B01DE6268E00DD4373 /* es */,
			);
			name = Main.storyboard;
			sourceTree = "<group>";
		};
		A55B5D271D53C8F300AA576A /* LaunchScreen.storyboard */ = {
			isa = PBXVariantGroup;
			children = (
				A55B5D281D53C8F300AA576A /* Base */,
				A51441B11DE6268E00DD4373 /* es */,
			);
			name = LaunchScreen.storyboard;
			sourceTree = "<group>";
		};
		A5F8BC101DD59D40008BD50B /* Localizable.strings */ = {
			isa = PBXVariantGroup;
			children = (
				A5F8BC0F1DD59D40008BD50B /* Base */,
				A51441B21DE6268E00DD4373 /* es */,
			);
			name = Localizable.strings;
			sourceTree = "<group>";
		};
		A5FEBDDC1DF5D2C6002B8836 /* InfoPlist.strings */ = {
			isa = PBXVariantGroup;
			children = (
				A5FEBDDF1DF5D2CA002B8836 /* es */,
				A5BA42401DFBD55600B59A86 /* Base */,
			);
			name = InfoPlist.strings;
			sourceTree = "<group>";
		};
/* End PBXVariantGroup section */

/* Begin XCBuildConfiguration section */
		A55B5D2B1D53C8F300AA576A /* Debug */ = {
			isa = XCBuildConfiguration;
			buildSettings = {
				ALWAYS_SEARCH_USER_PATHS = NO;
				CLANG_ANALYZER_NONNULL = YES;
				CLANG_CXX_LANGUAGE_STANDARD = "gnu++0x";
				CLANG_CXX_LIBRARY = "libc++";
				CLANG_ENABLE_MODULES = YES;
				CLANG_ENABLE_OBJC_ARC = YES;
				CLANG_WARN_BOOL_CONVERSION = YES;
				CLANG_WARN_CONSTANT_CONVERSION = YES;
				CLANG_WARN_DIRECT_OBJC_ISA_USAGE = YES_ERROR;
				CLANG_WARN_EMPTY_BODY = YES;
				CLANG_WARN_ENUM_CONVERSION = YES;
				CLANG_WARN_INT_CONVERSION = YES;
				CLANG_WARN_OBJC_ROOT_CLASS = YES_ERROR;
				CLANG_WARN_UNREACHABLE_CODE = YES;
				CLANG_WARN__DUPLICATE_METHOD_MATCH = YES;
				"CODE_SIGN_IDENTITY[sdk=iphoneos*]" = "iPhone Developer";
				COPY_PHASE_STRIP = NO;
				DEBUG_INFORMATION_FORMAT = dwarf;
				ENABLE_STRICT_OBJC_MSGSEND = YES;
				ENABLE_TESTABILITY = YES;
				GCC_C_LANGUAGE_STANDARD = gnu99;
				GCC_DYNAMIC_NO_PIC = NO;
				GCC_NO_COMMON_BLOCKS = YES;
				GCC_OPTIMIZATION_LEVEL = 0;
				GCC_PREPROCESSOR_DEFINITIONS = (
					"DEBUG=1",
					"$(inherited)",
				);
				GCC_WARN_64_TO_32_BIT_CONVERSION = YES;
				GCC_WARN_ABOUT_RETURN_TYPE = YES_ERROR;
				GCC_WARN_UNDECLARED_SELECTOR = YES;
				GCC_WARN_UNINITIALIZED_AUTOS = YES_AGGRESSIVE;
				GCC_WARN_UNUSED_FUNCTION = YES;
				GCC_WARN_UNUSED_VARIABLE = YES;
				IPHONEOS_DEPLOYMENT_TARGET = 9.3;
				MTL_ENABLE_DEBUG_INFO = YES;
				ONLY_ACTIVE_ARCH = YES;
				SDKROOT = iphoneos;
			};
			name = Debug;
		};
		A55B5D2C1D53C8F300AA576A /* Release */ = {
			isa = XCBuildConfiguration;
			buildSettings = {
				ALWAYS_SEARCH_USER_PATHS = NO;
				CLANG_ANALYZER_NONNULL = YES;
				CLANG_CXX_LANGUAGE_STANDARD = "gnu++0x";
				CLANG_CXX_LIBRARY = "libc++";
				CLANG_ENABLE_MODULES = YES;
				CLANG_ENABLE_OBJC_ARC = YES;
				CLANG_WARN_BOOL_CONVERSION = YES;
				CLANG_WARN_CONSTANT_CONVERSION = YES;
				CLANG_WARN_DIRECT_OBJC_ISA_USAGE = YES_ERROR;
				CLANG_WARN_EMPTY_BODY = YES;
				CLANG_WARN_ENUM_CONVERSION = YES;
				CLANG_WARN_INT_CONVERSION = YES;
				CLANG_WARN_OBJC_ROOT_CLASS = YES_ERROR;
				CLANG_WARN_UNREACHABLE_CODE = YES;
				CLANG_WARN__DUPLICATE_METHOD_MATCH = YES;
				"CODE_SIGN_IDENTITY[sdk=iphoneos*]" = "iPhone Developer";
				COPY_PHASE_STRIP = NO;
				DEBUG_INFORMATION_FORMAT = "dwarf-with-dsym";
				ENABLE_NS_ASSERTIONS = NO;
				ENABLE_STRICT_OBJC_MSGSEND = YES;
				GCC_C_LANGUAGE_STANDARD = gnu99;
				GCC_NO_COMMON_BLOCKS = YES;
				GCC_WARN_64_TO_32_BIT_CONVERSION = YES;
				GCC_WARN_ABOUT_RETURN_TYPE = YES_ERROR;
				GCC_WARN_UNDECLARED_SELECTOR = YES;
				GCC_WARN_UNINITIALIZED_AUTOS = YES_AGGRESSIVE;
				GCC_WARN_UNUSED_FUNCTION = YES;
				GCC_WARN_UNUSED_VARIABLE = YES;
				IPHONEOS_DEPLOYMENT_TARGET = 9.3;
				MTL_ENABLE_DEBUG_INFO = NO;
				SDKROOT = iphoneos;
				VALIDATE_PRODUCT = YES;
			};
			name = Release;
		};
		A55B5D2E1D53C8F300AA576A /* Debug */ = {
			isa = XCBuildConfiguration;
			baseConfigurationReference = FEF14DF4276BD6F9F1BAD2CB /* Pods-Conversa.debug.xcconfig */;
			buildSettings = {
				ALWAYS_SEARCH_USER_PATHS = NO;
				ASSETCATALOG_COMPILER_APPICON_NAME = AppIcon;
				CODE_SIGN_ENTITLEMENTS = Conversa/Conversa.entitlements;
				CODE_SIGN_IDENTITY = "iPhone Developer";
				DEVELOPMENT_TEAM = K5WP7YH5E4;
				GCC_OPTIMIZATION_LEVEL = 0;
				INFOPLIST_FILE = Conversa/Info.plist;
				IPHONEOS_DEPLOYMENT_TARGET = 9.0;
				LD_RUNPATH_SEARCH_PATHS = "$(inherited) @executable_path/Frameworks";
				PRODUCT_BUNDLE_IDENTIFIER = ee.app.conversa;
				PRODUCT_NAME = "$(TARGET_NAME)";
				SWIFT_OBJC_BRIDGING_HEADER = "${SRCROOT}/Conversa/Conversa-Bridging-Header.h";
				SWIFT_OPTIMIZATION_LEVEL = "-Onone";
				SWIFT_VERSION = 3.0;
				USER_HEADER_SEARCH_PATHS = "$(inherited) \"$(PROJECT_DIR)/Classes\" \"${PODS_ROOT}/Headers/Public\" \"${PODS_ROOT}/Headers/Public/Buglife\" \"${PODS_ROOT}/Headers/Public/Crashlytics\" \"${PODS_ROOT}/Headers/Public/Fabric\" \"${PODS_ROOT}/Headers/Public/GoogleMaps\" \"${PODS_ROOT}/Headers/Public/SinchRTC\"";
				VALIDATE_PRODUCT = YES;
			};
			name = Debug;
		};
		A55B5D2F1D53C8F300AA576A /* Release */ = {
			isa = XCBuildConfiguration;
			baseConfigurationReference = 889B71B8015672A28D2B9B53 /* Pods-Conversa.release.xcconfig */;
			buildSettings = {
				ALWAYS_SEARCH_USER_PATHS = NO;
				ASSETCATALOG_COMPILER_APPICON_NAME = AppIcon;
				CODE_SIGN_ENTITLEMENTS = Conversa/Conversa.entitlements;
				CODE_SIGN_IDENTITY = "iPhone Developer";
				DEVELOPMENT_TEAM = K5WP7YH5E4;
				GCC_OPTIMIZATION_LEVEL = s;
				INFOPLIST_FILE = Conversa/Info.plist;
				IPHONEOS_DEPLOYMENT_TARGET = 9.0;
				LD_RUNPATH_SEARCH_PATHS = "$(inherited) @executable_path/Frameworks";
				PRODUCT_BUNDLE_IDENTIFIER = ee.app.conversa;
				PRODUCT_NAME = "$(TARGET_NAME)";
				SWIFT_OBJC_BRIDGING_HEADER = "${SRCROOT}/Conversa/Conversa-Bridging-Header.h";
				SWIFT_VERSION = 3.0;
				USER_HEADER_SEARCH_PATHS = "$(inherited) \"$(PROJECT_DIR)/Classes\" \"${PODS_ROOT}/Headers/Public\" \"${PODS_ROOT}/Headers/Public/Buglife\" \"${PODS_ROOT}/Headers/Public/Crashlytics\" \"${PODS_ROOT}/Headers/Public/Fabric\" \"${PODS_ROOT}/Headers/Public/GoogleMaps\" \"${PODS_ROOT}/Headers/Public/SinchRTC\"";
			};
			name = Release;
		};
/* End XCBuildConfiguration section */

/* Begin XCConfigurationList section */
		A55B5D0E1D53C8F300AA576A /* Build configuration list for PBXProject "Conversa" */ = {
			isa = XCConfigurationList;
			buildConfigurations = (
				A55B5D2B1D53C8F300AA576A /* Debug */,
				A55B5D2C1D53C8F300AA576A /* Release */,
			);
			defaultConfigurationIsVisible = 0;
			defaultConfigurationName = Release;
		};
		A55B5D2D1D53C8F300AA576A /* Build configuration list for PBXNativeTarget "Conversa" */ = {
			isa = XCConfigurationList;
			buildConfigurations = (
				A55B5D2E1D53C8F300AA576A /* Debug */,
				A55B5D2F1D53C8F300AA576A /* Release */,
			);
			defaultConfigurationIsVisible = 0;
			defaultConfigurationName = Release;
		};
/* End XCConfigurationList section */
	};
	rootObject = A55B5D0B1D53C8F300AA576A /* Project object */;
}
